
Microsoft Visual Studio Solution File, Format Version 11.00
# Visual Studio 2010
Project("{FAE04EC0-301F-11D3-BF4B-00C04F79EFBC}") = "Syringe", "Syringe\Syringe.csproj", "{E4428FC1-EE99-46DD-94EC-059AC8BDCF54}"
EndProject
Project("{2150E333-8FDC-42A3-9474-1A3956D46DE8}") = "Solution Items", "Solution Items", "{27D59CB9-600F-41B2-92BE-E853F6BE35FE}"
EndProject
Project("{FAE04EC0-301F-11D3-BF4B-00C04F79EFBC}") = "Syringe.Tests", "Syringe.Tests\Syringe.Tests.csproj", "{AC321161-E62B-41CE-ACB0-880652C00928}"
EndProject
Global
	GlobalSection(SolutionConfigurationPlatforms) = preSolution
		Debug|Any CPU = Debug|Any CPU
		Debug|Mixed Platforms = Debug|Mixed Platforms
		Debug|x86 = Debug|x86
		Release|Any CPU = Release|Any CPU
		Release|Mixed Platforms = Release|Mixed Platforms
		Release|x86 = Release|x86
	EndGlobalSection
	GlobalSection(ProjectConfigurationPlatforms) = postSolution
		{AC321161-E62B-41CE-ACB0-880652C00928}.Debug|Any CPU.ActiveCfg = Debug|Any CPU
		{AC321161-E62B-41CE-ACB0-880652C00928}.Debug|Any CPU.Build.0 = Debug|Any CPU
		{AC321161-E62B-41CE-ACB0-880652C00928}.Debug|Mixed Platforms.ActiveCfg = Debug|Any CPU
		{AC321161-E62B-41CE-ACB0-880652C00928}.Debug|Mixed Platforms.Build.0 = Debug|Any CPU
		{AC321161-E62B-41CE-ACB0-880652C00928}.Debug|x86.ActiveCfg = Debug|Any CPU
		{AC321161-E62B-41CE-ACB0-880652C00928}.Debug|x86.Build.0 = Debug|Any CPU
		{AC321161-E62B-41CE-ACB0-880652C00928}.Release|Any CPU.ActiveCfg = Release|Any CPU
		{AC321161-E62B-41CE-ACB0-880652C00928}.Release|Any CPU.Build.0 = Release|Any CPU
		{AC321161-E62B-41CE-ACB0-880652C00928}.Release|Mixed Platforms.ActiveCfg = Release|Any CPU
		{AC321161-E62B-41CE-ACB0-880652C00928}.Release|Mixed Platforms.Build.0 = Release|Any CPU
		{AC321161-E62B-41CE-ACB0-880652C00928}.Release|x86.ActiveCfg = Release|Any CPU
		{AC321161-E62B-41CE-ACB0-880652C00928}.Release|x86.Build.0 = Release|Any CPU
		{E4428FC1-EE99-46DD-94EC-059AC8BDCF54}.Debug|Any CPU.ActiveCfg = Debug|Any CPU
		{E4428FC1-EE99-46DD-94EC-059AC8BDCF54}.Debug|Any CPU.Build.0 = Debug|Any CPU
		{E4428FC1-EE99-46DD-94EC-059AC8BDCF54}.Debug|Mixed Platforms.ActiveCfg = Debug|Any CPU
		{E4428FC1-EE99-46DD-94EC-059AC8BDCF54}.Debug|Mixed Platforms.Build.0 = Debug|Any CPU
		{E4428FC1-EE99-46DD-94EC-059AC8BDCF54}.Debug|x86.ActiveCfg = Debug|Any CPU
		{E4428FC1-EE99-46DD-94EC-059AC8BDCF54}.Release|Any CPU.ActiveCfg = Release|Any CPU
		{E4428FC1-EE99-46DD-94EC-059AC8BDCF54}.Release|Any CPU.Build.0 = Release|Any CPU
		{E4428FC1-EE99-46DD-94EC-059AC8BDCF54}.Release|Mixed Platforms.ActiveCfg = Release|Any CPU
		{E4428FC1-EE99-46DD-94EC-059AC8BDCF54}.Release|Mixed Platforms.Build.0 = Release|Any CPU
		{E4428FC1-EE99-46DD-94EC-059AC8BDCF54}.Release|x86.ActiveCfg = Release|Any CPU
	EndGlobalSection
	GlobalSection(NestedProjects) = preSolution
	EndGlobalSection
	GlobalSection(MonoDevelopProperties) = preSolution
		StartupItem = Syringe\Syringe.csproj
	EndGlobalSection
	GlobalSection(TestCaseManagementSettings) = postSolution
		CategoryFile = Syringe.vsmdi
	EndGlobalSection
	GlobalSection(SolutionProperties) = preSolution
		HideSolutionNode = FALSE
	EndGlobalSection
EndGlobal
